
Microsoft Visual Studio Solution File, Format Version 12.00
# Visual Studio 15
VisualStudioVersion = 15.0.26124.0
MinimumVisualStudioVersion = 15.0.26124.0
Project("{FAE04EC0-301F-11D3-BF4B-00C04F79EFBC}") = "R5T.Tools.NuGet.Construction", "R5T.Tools.NuGet.Construction\R5T.Tools.NuGet.Construction.csproj", "{5473735D-C5E2-465B-B0C7-9E46F45F3BFA}"
EndProject
Project("{FAE04EC0-301F-11D3-BF4B-00C04F79EFBC}") = "R5T.Tools.NuGet", "R5T.Tools.NuGet\R5T.Tools.NuGet.csproj", "{14D6F260-C2A3-4884-A91A-6F8B9B073265}"
EndProject
Project("{FAE04EC0-301F-11D3-BF4B-00C04F79EFBC}") = "R5T.Tools.NuGet.Testing", "R5T.Tools.NuGet.Testing\R5T.Tools.NuGet.Testing.csproj", "{2004326B-BF96-471B-A66C-FEC9DA9A2432}"
EndProject
Global
	GlobalSection(SolutionConfigurationPlatforms) = preSolution
		Debug|Any CPU = Debug|Any CPU
		Debug|x64 = Debug|x64
		Debug|x86 = Debug|x86
		Release|Any CPU = Release|Any CPU
		Release|x64 = Release|x64
		Release|x86 = Release|x86
	EndGlobalSection
	GlobalSection(SolutionProperties) = preSolution
		HideSolutionNode = FALSE
	EndGlobalSection
	GlobalSection(ProjectConfigurationPlatforms) = postSolution
		{5473735D-C5E2-465B-B0C7-9E46F45F3BFA}.Debug|Any CPU.ActiveCfg = Debug|Any CPU
		{5473735D-C5E2-465B-B0C7-9E46F45F3BFA}.Debug|Any CPU.Build.0 = Debug|Any CPU
		{5473735D-C5E2-465B-B0C7-9E46F45F3BFA}.Debug|x64.ActiveCfg = Debug|Any CPU
		{5473735D-C5E2-465B-B0C7-9E46F45F3BFA}.Debug|x64.Build.0 = Debug|Any CPU
		{5473735D-C5E2-465B-B0C7-9E46F45F3BFA}.Debug|x86.ActiveCfg = Debug|Any CPU
		{5473735D-C5E2-465B-B0C7-9E46F45F3BFA}.Debug|x86.Build.0 = Debug|Any CPU
		{5473735D-C5E2-465B-B0C7-9E46F45F3BFA}.Release|Any CPU.ActiveCfg = Release|Any CPU
		{5473735D-C5E2-465B-B0C7-9E46F45F3BFA}.Release|Any CPU.Build.0 = Release|Any CPU
		{5473735D-C5E2-465B-B0C7-9E46F45F3BFA}.Release|x64.ActiveCfg = Release|Any CPU
		{5473735D-C5E2-465B-B0C7-9E46F45F3BFA}.Release|x64.Build.0 = Release|Any CPU
		{5473735D-C5E2-465B-B0C7-9E46F45F3BFA}.Release|x86.ActiveCfg = Release|Any CPU
		{5473735D-C5E2-465B-B0C7-9E46F45F3BFA}.Release|x86.Build.0 = Release|Any CPU
		{14D6F260-C2A3-4884-A91A-6F8B9B073265}.Debug|Any CPU.ActiveCfg = Debug|Any CPU
		{14D6F260-C2A3-4884-A91A-6F8B9B073265}.Debug|Any CPU.Build.0 = Debug|Any CPU
		{14D6F260-C2A3-4884-A91A-6F8B9B073265}.Debug|x64.ActiveCfg = Debug|Any CPU
		{14D6F260-C2A3-4884-A91A-6F8B9B073265}.Debug|x64.Build.0 = Debug|Any CPU
		{14D6F260-C2A3-4884-A91A-6F8B9B073265}.Debug|x86.ActiveCfg = Debug|Any CPU
		{14D6F260-C2A3-4884-A91A-6F8B9B073265}.Debug|x86.Build.0 = Debug|Any CPU
		{14D6F260-C2A3-4884-A91A-6F8B9B073265}.Release|Any CPU.ActiveCfg = Release|Any CPU
		{14D6F260-C2A3-4884-A91A-6F8B9B073265}.Release|Any CPU.Build.0 = Release|Any CPU
		{14D6F260-C2A3-4884-A91A-6F8B9B073265}.Release|x64.ActiveCfg = Release|Any CPU
		{14D6F260-C2A3-4884-A91A-6F8B9B073265}.Release|x64.Build.0 = Release|Any CPU
		{14D6F260-C2A3-4884-A91A-6F8B9B073265}.Release|x86.ActiveCfg = Release|Any CPU
		{14D6F260-C2A3-4884-A91A-6F8B9B073265}.Release|x86.Build.0 = Release|Any CPU
		{2004326B-BF96-471B-A66C-FEC9DA9A2432}.Debug|Any CPU.ActiveCfg = Debug|Any CPU
		{2004326B-BF96-471B-A66C-FEC9DA9A2432}.Debug|Any CPU.Build.0 = Debug|Any CPU
		{2004326B-BF96-471B-A66C-FEC9DA9A2432}.Debug|x64.ActiveCfg = Debug|Any CPU
		{2004326B-BF96-471B-A66C-FEC9DA9A2432}.Debug|x64.Build.0 = Debug|Any CPU
		{2004326B-BF96-471B-A66C-FEC9DA9A2432}.Debug|x86.ActiveCfg = Debug|Any CPU
		{2004326B-BF96-471B-A66C-FEC9DA9A2432}.Debug|x86.Build.0 = Debug|Any CPU
		{2004326B-BF96-471B-A66C-FEC9DA9A2432}.Release|Any CPU.ActiveCfg = Release|Any CPU
		{2004326B-BF96-471B-A66C-FEC9DA9A2432}.Release|Any CPU.Build.0 = Release|Any CPU
		{2004326B-BF96-471B-A66C-FEC9DA9A2432}.Release|x64.ActiveCfg = Release|Any CPU
		{2004326B-BF96-471B-A66C-FEC9DA9A2432}.Release|x64.Build.0 = Release|Any CPU
		{2004326B-BF96-471B-A66C-FEC9DA9A2432}.Release|x86.ActiveCfg = Release|Any CPU
		{2004326B-BF96-471B-A66C-FEC9DA9A2432}.Release|x86.Build.0 = Release|Any CPU
	EndGlobalSection
EndGlobal
